
Microsoft Visual Studio Solution File, Format Version 12.00
# Visual Studio Version 17
VisualStudioVersion = 17.4.33205.214
MinimumVisualStudioVersion = 10.0.40219.1
Project("{FAE04EC0-301F-11D3-BF4B-00C04F79EFBC}") = "Transport Problem", "Transport Problem\Transport Problem.csproj", "{7472C8B4-3123-4C06-8055-1ABB334214AD}"
EndProject
Global
	GlobalSection(SolutionConfigurationPlatforms) = preSolution
		Debug|Any CPU = Debug|Any CPU
		Release|Any CPU = Release|Any CPU
	EndGlobalSection
	GlobalSection(ProjectConfigurationPlatforms) = postSolution
		{7472C8B4-3123-4C06-8055-1ABB334214AD}.Debug|Any CPU.ActiveCfg = Debug|Any CPU
		{7472C8B4-3123-4C06-8055-1ABB334214AD}.Debug|Any CPU.Build.0 = Debug|Any CPU
		{7472C8B4-3123-4C06-8055-1ABB334214AD}.Release|Any CPU.ActiveCfg = Release|Any CPU
		{7472C8B4-3123-4C06-8055-1ABB334214AD}.Release|Any CPU.Build.0 = Release|Any CPU
	EndGlobalSection
	GlobalSection(SolutionProperties) = preSolution
		HideSolutionNode = FALSE
	EndGlobalSection
	GlobalSection(ExtensibilityGlobals) = postSolution
		SolutionGuid = {B2845C5E-FF94-4312-ADEB-8033F7558BFD}
	EndGlobalSection
EndGlobal
